github.com/go-logr/logr v1.4.3 h1:CjnDlHq8ikf6E492q6eKboGOC0T8CDaOvkHCIg8idEI=
github.com/j-iot/tapo-go v0.0.0-20210626000425-49dce7306511 h1:VGSg5l0joCMqYiYo+8WUsaD6QEFWUEZnBHTnzL9qB0A=
github.com/j-iot/tapo-go v0.0.0-20210626000425-49dce7306511/go.mod h1:ysYyc76QmL9sY0iQ/dFl1j7SgQxMqy05rODgoesRfhU=
github.com/mergermarket/go-pkcs7 v0.0.0-20170926155232-153b18ea13c9 h1:j6boLfPkcFlRVaKbc0hf5PVh3jJrdHv9n6SIPOdVKaU=
github.com/mergermarket/go-pkcs7 v0.0.0-20170926155232-153b18ea13c9/go.mod h1:GH7jtq102ZiRB7LEKgqP54akN7GOVaNpCJrDWTeWSMY=
